{
  "name": "Apollo",
  "lockfileVersion": 3,
  "requires": true,
  "packages": {
    "": {
      "dependencies": {
        "leaflet": "^1.9.4",
        "umbrellajs": "^3.3.1"
      }
    },
    "node_modules/leaflet": {
      "version": "1.9.4",
      "resolved": "https://registry.npmjs.org/leaflet/-/leaflet-1.9.4.tgz",
      "integrity": "sha512-nxS1ynzJOmOlHp+iL3FyWqK89GtNL8U8rvlMOsQdTTssxZwCXh8N2NB3GDQOL+YR3XnWyZAxwQixURb+FA74PA=="
    },
    "node_modules/umbrellajs": {
      "version": "3.3.1",
      "resolved": "https://registry.npmjs.org/umbrellajs/-/umbrellajs-3.3.1.tgz",
      "integrity": "sha512-3Y4LVTFZWyXdSc7jSiJQziZJ77R2I9YwO5kaKZeHlXfH3clzG0TsHNMQrKNJqKDlWkORN8QEvqrVOKhjVUN6IQ==",
      "funding": {
        "url": "https://www.paypal.me/franciscopresencia/19"
      }
    }
  }
}
